// !$*UTF8*$!
{
	archiveVersion = 1;
	classes = {
	};
	objectVersion = 55;
	objects = {

/* Begin PBXBuildFile section */
		09143172284FB7CE00AC65A3 /* AppDelegate.swift in Sources */ = {isa = PBXBuildFile; fileRef = 09143171284FB7CE00AC65A3 /* AppDelegate.swift */; };
		09143174284FB7CE00AC65A3 /* GameScene.sks in Resources */ = {isa = PBXBuildFile; fileRef = 09143173284FB7CE00AC65A3 /* GameScene.sks */; };
		09143178284FB7CE00AC65A3 /* GameScene.swift in Sources */ = {isa = PBXBuildFile; fileRef = 09143177284FB7CE00AC65A3 /* GameScene.swift */; };
		0914317A284FB7CE00AC65A3 /* ViewController.swift in Sources */ = {isa = PBXBuildFile; fileRef = 09143179284FB7CE00AC65A3 /* ViewController.swift */; };
		0914317C284FB7CF00AC65A3 /* Assets.xcassets in Resources */ = {isa = PBXBuildFile; fileRef = 0914317B284FB7CF00AC65A3 /* Assets.xcassets */; };
		0914317F284FB7CF00AC65A3 /* Main.storyboard in Resources */ = {isa = PBXBuildFile; fileRef = 0914317D284FB7CF00AC65A3 /* Main.storyboard */; };
		09143189284FB89200AC65A3 /* shot.wav in Resources */ = {isa = PBXBuildFile; fileRef = 09143186284FB89200AC65A3 /* shot.wav */; };
		0914318A284FB89200AC65A3 /* empty.wav in Resources */ = {isa = PBXBuildFile; fileRef = 09143187284FB89200AC65A3 /* empty.wav */; };
		0914318B284FB89200AC65A3 /* reload.wav in Resources */ = {isa = PBXBuildFile; fileRef = 09143188284FB89200AC65A3 /* reload.wav */; };
		0914318D284FBFA300AC65A3 /* Target.swift in Sources */ = {isa = PBXBuildFile; fileRef = 0914318C284FBFA300AC65A3 /* Target.swift */; };
		0914318F284FC97000AC65A3 /* GameView.swift in Sources */ = {isa = PBXBuildFile; fileRef = 0914318E284FC97000AC65A3 /* GameView.swift */; };
/* End PBXBuildFile section */

/* Begin PBXFileReference section */
		0914316E284FB7CE00AC65A3 /* Project_14.app */ = {isa = PBXFileReference; explicitFileType = wrapper.application; includeInIndex = 0; path = Project_14.app; sourceTree = BUILT_PRODUCTS_DIR; };
		09143171284FB7CE00AC65A3 /* AppDelegate.swift */ = {isa = PBXFileReference; lastKnownFileType = sourcecode.swift; path = AppDelegate.swift; sourceTree = "<group>"; };
		09143173284FB7CE00AC65A3 /* GameScene.sks */ = {isa = PBXFileReference; lastKnownFileType = file.sks; path = GameScene.sks; sourceTree = "<group>"; };
		09143177284FB7CE00AC65A3 /* GameScene.swift */ = {isa = PBXFileReference; lastKnownFileType = sourcecode.swift; path = GameScene.swift; sourceTree = "<group>"; };
		09143179284FB7CE00AC65A3 /* ViewController.swift */ = {isa = PBXFileReference; lastKnownFileType = sourcecode.swift; path = ViewController.swift; sourceTree = "<group>"; };
		0914317B284FB7CF00AC65A3 /* Assets.xcassets */ = {isa = PBXFileReference; lastKnownFileType = folder.assetcatalog; path = Assets.xcassets; sourceTree = "<group>"; };
		0914317E284FB7CF00AC65A3 /* Base */ = {isa = PBXFileReference; lastKnownFileType = file.storyboard; name = Base; path = Base.lproj/Main.storyboard; sourceTree = "<group>"; };
		09143180284FB7CF00AC65A3 /* Project_14.entitlements */ = {isa = PBXFileReference; lastKnownFileType = text.plist.entitlements; path = Project_14.entitlements; sourceTree = "<group>"; };
		09143186284FB89200AC65A3 /* shot.wav */ = {isa = PBXFileReference; lastKnownFileType = audio.wav; path = shot.wav; sourceTree = "<group>"; };
		09143187284FB89200AC65A3 /* empty.wav */ = {isa = PBXFileReference; lastKnownFileType = audio.wav; path = empty.wav; sourceTree = "<group>"; };
		09143188284FB89200AC65A3 /* reload.wav */ = {isa = PBXFileReference; lastKnownFileType = audio.wav; path = reload.wav; sourceTree = "<group>"; };
		0914318C284FBFA300AC65A3 /* Target.swift */ = {isa = PBXFileReference; lastKnownFileType = sourcecode.swift; path = Target.swift; sourceTree = "<group>"; };
		0914318E284FC97000AC65A3 /* GameView.swift */ = {isa = PBXFileReference; lastKnownFileType = sourcecode.swift; path = GameView.swift; sourceTree = "<group>"; };
/* End PBXFileReference section */

/* Begin PBXFrameworksBuildPhase section */
		0914316B284FB7CE00AC65A3 /* Frameworks */ = {
			isa = PBXFrameworksBuildPhase;
			buildActionMask = 2147483647;
			files = (
			);
			runOnlyForDeploymentPostprocessing = 0;
		};
/* End PBXFrameworksBuildPhase section */

/* Begin PBXGroup section */
		09143165284FB7CE00AC65A3 = {
			isa = PBXGroup;
			children = (
				09143170284FB7CE00AC65A3 /* Project_14 */,
				0914316F284FB7CE00AC65A3 /* Products */,
			);
			sourceTree = "<group>";
		};
		0914316F284FB7CE00AC65A3 /* Products */ = {
			isa = PBXGroup;
			children = (
				0914316E284FB7CE00AC65A3 /* Project_14.app */,
			);
			name = Products;
			sourceTree = "<group>";
		};
		09143170284FB7CE00AC65A3 /* Project_14 */ = {
			isa = PBXGroup;
			children = (
				09143171284FB7CE00AC65A3 /* AppDelegate.swift */,
				09143173284FB7CE00AC65A3 /* GameScene.sks */,
				09143177284FB7CE00AC65A3 /* GameScene.swift */,
				09143179284FB7CE00AC65A3 /* ViewController.swift */,
				0914317B284FB7CF00AC65A3 /* Assets.xcassets */,
				0914317D284FB7CF00AC65A3 /* Main.storyboard */,
				09143180284FB7CF00AC65A3 /* Project_14.entitlements */,
				09143187284FB89200AC65A3 /* empty.wav */,
				09143188284FB89200AC65A3 /* reload.wav */,
				09143186284FB89200AC65A3 /* shot.wav */,
				0914318C284FBFA300AC65A3 /* Target.swift */,
				0914318E284FC97000AC65A3 /* GameView.swift */,
			);
			path = Project_14;
			sourceTree = "<group>";
		};
/* End PBXGroup section */

/* Begin PBXNativeTarget section */
		0914316D284FB7CE00AC65A3 /* Project_14 */ = {
			isa = PBXNativeTarget;
			buildConfigurationList = 09143183284FB7CF00AC65A3 /* Build configuration list for PBXNativeTarget "Project_14" */;
			buildPhases = (
				0914316A284FB7CE00AC65A3 /* Sources */,
				0914316B284FB7CE00AC65A3 /* Frameworks */,
				0914316C284FB7CE00AC65A3 /* Resources */,
			);
			buildRules = (
			);
			dependencies = (
			);
			name = Project_14;
			productName = Project_14;
			productReference = 0914316E284FB7CE00AC65A3 /* Project_14.app */;
			productType = "com.apple.product-type.application";
		};
/* End PBXNativeTarget section */

/* Begin PBXProject section */
		09143166284FB7CE00AC65A3 /* Project object */ = {
			isa = PBXProject;
			attributes = {
				BuildIndependentTargetsInParallel = 1;
				LastSwiftUpdateCheck = 1340;
				LastUpgradeCheck = 1340;
				TargetAttributes = {
					0914316D284FB7CE00AC65A3 = {
						CreatedOnToolsVersion = 13.4.1;
					};
				};
			};
			buildConfigurationList = 09143169284FB7CE00AC65A3 /* Build configuration list for PBXProject "Project_14" */;
			compatibilityVersion = "Xcode 13.0";
			developmentRegion = en;
			hasScannedForEncodings = 0;
			knownRegions = (
				en,
				Base,
			);
			mainGroup = 09143165284FB7CE00AC65A3;
			productRefGroup = 0914316F284FB7CE00AC65A3 /* Products */;
			projectDirPath = "";
			projectRoot = "";
			targets = (
				0914316D284FB7CE00AC65A3 /* Project_14 */,
			);
		};
/* End PBXProject section */

/* Begin PBXResourcesBuildPhase section */
		0914316C284FB7CE00AC65A3 /* Resources */ = {
			isa = PBXResourcesBuildPhase;
			buildActionMask = 2147483647;
			files = (
				09143174284FB7CE00AC65A3 /* GameScene.sks in Resources */,
				0914317C284FB7CF00AC65A3 /* Assets.xcassets in Resources */,
				09143189284FB89200AC65A3 /* shot.wav in Resources */,
				0914318A284FB89200AC65A3 /* empty.wav in Resources */,
				0914317F284FB7CF00AC65A3 /* Main.storyboard in Resources */,
				0914318B284FB89200AC65A3 /* reload.wav in Resources */,
			);
			runOnlyForDeploymentPostprocessing = 0;
		};
/* End PBXResourcesBuildPhase section */

/* Begin PBXSourcesBuildPhase section */
		0914316A284FB7CE00AC65A3 /* Sources */ = {
			isa = PBXSourcesBuildPhase;
			buildActionMask = 2147483647;
			files = (
				0914317A284FB7CE00AC65A3 /* ViewController.swift in Sources */,
				09143178284FB7CE00AC65A3 /* GameScene.swift in Sources */,
				0914318D284FBFA300AC65A3 /* Target.swift in Sources */,
				09143172284FB7CE00AC65A3 /* AppDelegate.swift in Sources */,
				0914318F284FC97000AC65A3 /* GameView.swift in Sources */,
			);
			runOnlyForDeploymentPostprocessing = 0;
		};
/* End PBXSourcesBuildPhase section */

/* Begin PBXVariantGroup section */
		0914317D284FB7CF00AC65A3 /* Main.storyboard */ = {
			isa = PBXVariantGroup;
			children = (
				0914317E284FB7CF00AC65A3 /* Base */,
			);
			name = Main.storyboard;
			sourceTree = "<group>";
		};
/* End PBXVariantGroup section */

/* Begin XCBuildConfiguration section */
		09143181284FB7CF00AC65A3 /* Debug */ = {
			isa = XCBuildConfiguration;
			buildSettings = {
				ALWAYS_SEARCH_USER_PATHS = NO;
				CLANG_ANALYZER_NONNULL = YES;
				CLANG_ANALYZER_NUMBER_OBJECT_CONVERSION = YES_AGGRESSIVE;
				CLANG_CXX_LANGUAGE_STANDARD = "gnu++17";
				CLANG_ENABLE_MODULES = YES;
				CLANG_ENABLE_OBJC_ARC = YES;
				CLANG_ENABLE_OBJC_WEAK = YES;
				CLANG_WARN_BLOCK_CAPTURE_AUTORELEASING = YES;
				CLANG_WARN_BOOL_CONVERSION = YES;
				CLANG_WARN_COMMA = YES;
				CLANG_WARN_CONSTANT_CONVERSION = YES;
				CLANG_WARN_DEPRECATED_OBJC_IMPLEMENTATIONS = YES;
				CLANG_WARN_DIRECT_OBJC_ISA_USAGE = YES_ERROR;
				CLANG_WARN_DOCUMENTATION_COMMENTS = YES;
				CLANG_WARN_EMPTY_BODY = YES;
				CLANG_WARN_ENUM_CONVERSION = YES;
				CLANG_WARN_INFINITE_RECURSION = YES;
				CLANG_WARN_INT_CONVERSION = YES;
				CLANG_WARN_NON_LITERAL_NULL_CONVERSION = YES;
				CLANG_WARN_OBJC_IMPLICIT_RETAIN_SELF = YES;
				CLANG_WARN_OBJC_LITERAL_CONVERSION = YES;
				CLANG_WARN_OBJC_ROOT_CLASS = YES_ERROR;
				CLANG_WARN_QUOTED_INCLUDE_IN_FRAMEWORK_HEADER = YES;
				CLANG_WARN_RANGE_LOOP_ANALYSIS = YES;
				CLANG_WARN_STRICT_PROTOTYPES = YES;
				CLANG_WARN_SUSPICIOUS_MOVE = YES;
				CLANG_WARN_UNGUARDED_AVAILABILITY = YES_AGGRESSIVE;
				CLANG_WARN_UNREACHABLE_CODE = YES;
				CLANG_WARN__DUPLICATE_METHOD_MATCH = YES;
				COPY_PHASE_STRIP = NO;
				DEBUG_INFORMATION_FORMAT = dwarf;
				ENABLE_STRICT_OBJC_MSGSEND = YES;
				ENABLE_TESTABILITY = YES;
				GCC_C_LANGUAGE_STANDARD = gnu11;
				GCC_DYNAMIC_NO_PIC = NO;
				GCC_NO_COMMON_BLOCKS = YES;
				GCC_OPTIMIZATION_LEVEL = 0;
				GCC_PREPROCESSOR_DEFINITIONS = (
					"DEBUG=1",
					"$(inherited)",
				);
				GCC_WARN_64_TO_32_BIT_CONVERSION = YES;
				GCC_WARN_ABOUT_RETURN_TYPE = YES_ERROR;
				GCC_WARN_UNDECLARED_SELECTOR = YES;
				GCC_WARN_UNINITIALIZED_AUTOS = YES_AGGRESSIVE;
				GCC_WARN_UNUSED_FUNCTION = YES;
				GCC_WARN_UNUSED_VARIABLE = YES;
				MACOSX_DEPLOYMENT_TARGET = 12.3;
				MTL_ENABLE_DEBUG_INFO = INCLUDE_SOURCE;
				MTL_FAST_MATH = YES;
				ONLY_ACTIVE_ARCH = YES;
				SDKROOT = macosx;
				SWIFT_ACTIVE_COMPILATION_CONDITIONS = DEBUG;
				SWIFT_OPTIMIZATION_LEVEL = "-Onone";
			};
			name = Debug;
		};
		09143182284FB7CF00AC65A3 /* Release */ = {
			isa = XCBuildConfiguration;
			buildSettings = {
				ALWAYS_SEARCH_USER_PATHS = NO;
				CLANG_ANALYZER_NONNULL = YES;
				CLANG_ANALYZER_NUMBER_OBJECT_CONVERSION = YES_AGGRESSIVE;
				CLANG_CXX_LANGUAGE_STANDARD = "gnu++17";
				CLANG_ENABLE_MODULES = YES;
				CLANG_ENABLE_OBJC_ARC = YES;
				CLANG_ENABLE_OBJC_WEAK = YES;
				CLANG_WARN_BLOCK_CAPTURE_AUTORELEASING = YES;
				CLANG_WARN_BOOL_CONVERSION = YES;
				CLANG_WARN_COMMA = YES;
				CLANG_WARN_CONSTANT_CONVERSION = YES;
				CLANG_WARN_DEPRECATED_OBJC_IMPLEMENTATIONS = YES;
				CLANG_WARN_DIRECT_OBJC_ISA_USAGE = YES_ERROR;
				CLANG_WARN_DOCUMENTATION_COMMENTS = YES;
				CLANG_WARN_EMPTY_BODY = YES;
				CLANG_WARN_ENUM_CONVERSION = YES;
				CLANG_WARN_INFINITE_RECURSION = YES;
				CLANG_WARN_INT_CONVERSION = YES;
				CLANG_WARN_NON_LITERAL_NULL_CONVERSION = YES;
				CLANG_WARN_OBJC_IMPLICIT_RETAIN_SELF = YES;
				CLANG_WARN_OBJC_LITERAL_CONVERSION = YES;
				CLANG_WARN_OBJC_ROOT_CLASS = YES_ERROR;
				CLANG_WARN_QUOTED_INCLUDE_IN_FRAMEWORK_HEADER = YES;
				CLANG_WARN_RANGE_LOOP_ANALYSIS = YES;
				CLANG_WARN_STRICT_PROTOTYPES = YES;
				CLANG_WARN_SUSPICIOUS_MOVE = YES;
				CLANG_WARN_UNGUARDED_AVAILABILITY = YES_AGGRESSIVE;
				CLANG_WARN_UNREACHABLE_CODE = YES;
				CLANG_WARN__DUPLICATE_METHOD_MATCH = YES;
				COPY_PHASE_STRIP = NO;
				DEBUG_INFORMATION_FORMAT = "dwarf-with-dsym";
				ENABLE_NS_ASSERTIONS = NO;
				ENABLE_STRICT_OBJC_MSGSEND = YES;
				GCC_C_LANGUAGE_STANDARD = gnu11;
				GCC_NO_COMMON_BLOCKS = YES;
				GCC_WARN_64_TO_32_BIT_CONVERSION = YES;
				GCC_WARN_ABOUT_RETURN_TYPE = YES_ERROR;
				GCC_WARN_UNDECLARED_SELECTOR = YES;
				GCC_WARN_UNINITIALIZED_AUTOS = YES_AGGRESSIVE;
				GCC_WARN_UNUSED_FUNCTION = YES;
				GCC_WARN_UNUSED_VARIABLE = YES;
				MACOSX_DEPLOYMENT_TARGET = 12.3;
				MTL_ENABLE_DEBUG_INFO = NO;
				MTL_FAST_MATH = YES;
				SDKROOT = macosx;
				SWIFT_COMPILATION_MODE = wholemodule;
				SWIFT_OPTIMIZATION_LEVEL = "-O";
			};
			name = Release;
		};
		09143184284FB7CF00AC65A3 /* Debug */ = {
			isa = XCBuildConfiguration;
			buildSettings = {
				ASSETCATALOG_COMPILER_APPICON_NAME = AppIcon;
				ASSETCATALOG_COMPILER_GLOBAL_ACCENT_COLOR_NAME = AccentColor;
				CODE_SIGN_ENTITLEMENTS = Project_14/Project_14.entitlements;
				CODE_SIGN_STYLE = Automatic;
				COMBINE_HIDPI_IMAGES = YES;
				CURRENT_PROJECT_VERSION = 1;
				DEVELOPMENT_TEAM = J273RJ8N9K;
				ENABLE_HARDENED_RUNTIME = YES;
				GENERATE_INFOPLIST_FILE = YES;
				INFOPLIST_KEY_NSHumanReadableCopyright = "";
				INFOPLIST_KEY_NSMainStoryboardFile = Main;
				INFOPLIST_KEY_NSPrincipalClass = NSApplication;
				LD_RUNPATH_SEARCH_PATHS = (
					"$(inherited)",
					"@executable_path/../Frameworks",
				);
				MARKETING_VERSION = 1.0;
				PRODUCT_BUNDLE_IDENTIFIER = "emanuel.vinicius.Project-14";
				PRODUCT_NAME = "$(TARGET_NAME)";
				SWIFT_EMIT_LOC_STRINGS = YES;
				SWIFT_VERSION = 5.0;
			};
			name = Debug;
		};
		09143185284FB7CF00AC65A3 /* Release */ = {
			isa = XCBuildConfiguration;
			buildSettings = {
				ASSETCATALOG_COMPILER_APPICON_NAME = AppIcon;
				ASSETCATALOG_COMPILER_GLOBAL_ACCENT_COLOR_NAME = AccentColor;
				CODE_SIGN_ENTITLEMENTS = Project_14/Project_14.entitlements;
				CODE_SIGN_STYLE = Automatic;
				COMBINE_HIDPI_IMAGES = YES;
				CURRENT_PROJECT_VERSION = 1;
				DEVELOPMENT_TEAM = J273RJ8N9K;
				ENABLE_HARDENED_RUNTIME = YES;
				GENERATE_INFOPLIST_FILE = YES;
				INFOPLIST_KEY_NSHumanReadableCopyright = "";
				INFOPLIST_KEY_NSMainStoryboardFile = Main;
				INFOPLIST_KEY_NSPrincipalClass = NSApplication;
				LD_RUNPATH_SEARCH_PATHS = (
					"$(inherited)",
					"@executable_path/../Frameworks",
				);
				MARKETING_VERSION = 1.0;
				PRODUCT_BUNDLE_IDENTIFIER = "emanuel.vinicius.Project-14";
				PRODUCT_NAME = "$(TARGET_NAME)";
				SWIFT_EMIT_LOC_STRINGS = YES;
				SWIFT_VERSION = 5.0;
			};
			name = Release;
		};
/* End XCBuildConfiguration section */

/* Begin XCConfigurationList section */
		09143169284FB7CE00AC65A3 /* Build configuration list for PBXProject "Project_14" */ = {
			isa = XCConfigurationList;
			buildConfigurations = (
				09143181284FB7CF00AC65A3 /* Debug */,
				09143182284FB7CF00AC65A3 /* Release */,
			);
			defaultConfigurationIsVisible = 0;
			defaultConfigurationName = Release;
		};
		09143183284FB7CF00AC65A3 /* Build configuration list for PBXNativeTarget "Project_14" */ = {
			isa = XCConfigurationList;
			buildConfigurations = (
				09143184284FB7CF00AC65A3 /* Debug */,
				09143185284FB7CF00AC65A3 /* Release */,
			);
			defaultConfigurationIsVisible = 0;
			defaultConfigurationName = Release;
		};
/* End XCConfigurationList section */
	};
	rootObject = 09143166284FB7CE00AC65A3 /* Project object */;
}
