// !$*UTF8*$!
{
	archiveVersion = 1;
	classes = {
	};
	objectVersion = 50;
	objects = {

/* Begin PBXBuildFile section */
		09992D2B24B6063B00D5E945 /* AppDelegate.swift in Sources */ = {isa = PBXBuildFile; fileRef = 09992D2A24B6063B00D5E945 /* AppDelegate.swift */; };
		09992D2D24B6063B00D5E945 /* ViewController.swift in Sources */ = {isa = PBXBuildFile; fileRef = 09992D2C24B6063B00D5E945 /* ViewController.swift */; };
		09992D2F24B6063E00D5E945 /* Assets.xcassets in Resources */ = {isa = PBXBuildFile; fileRef = 09992D2E24B6063E00D5E945 /* Assets.xcassets */; };
		09992D3224B6063E00D5E945 /* Main.storyboard in Resources */ = {isa = PBXBuildFile; fileRef = 09992D3024B6063E00D5E945 /* Main.storyboard */; };
		09CEE6A724B752E7007DABC8 /* WindowController.swift in Sources */ = {isa = PBXBuildFile; fileRef = 09CEE6A624B752E7007DABC8 /* WindowController.swift */; };
/* End PBXBuildFile section */

/* Begin PBXFileReference section */
		09992D2724B6063B00D5E945 /* Project_4.app */ = {isa = PBXFileReference; explicitFileType = wrapper.application; includeInIndex = 0; path = Project_4.app; sourceTree = BUILT_PRODUCTS_DIR; };
		09992D2A24B6063B00D5E945 /* AppDelegate.swift */ = {isa = PBXFileReference; lastKnownFileType = sourcecode.swift; path = AppDelegate.swift; sourceTree = "<group>"; };
		09992D2C24B6063B00D5E945 /* ViewController.swift */ = {isa = PBXFileReference; lastKnownFileType = sourcecode.swift; path = ViewController.swift; sourceTree = "<group>"; };
		09992D2E24B6063E00D5E945 /* Assets.xcassets */ = {isa = PBXFileReference; lastKnownFileType = folder.assetcatalog; path = Assets.xcassets; sourceTree = "<group>"; };
		09992D3124B6063E00D5E945 /* Base */ = {isa = PBXFileReference; lastKnownFileType = file.storyboard; name = Base; path = Base.lproj/Main.storyboard; sourceTree = "<group>"; };
		09992D3324B6063E00D5E945 /* Info.plist */ = {isa = PBXFileReference; lastKnownFileType = text.plist.xml; path = Info.plist; sourceTree = "<group>"; };
		09992D3424B6063E00D5E945 /* Project_4.entitlements */ = {isa = PBXFileReference; lastKnownFileType = text.plist.entitlements; path = Project_4.entitlements; sourceTree = "<group>"; };
		09CEE6A624B752E7007DABC8 /* WindowController.swift */ = {isa = PBXFileReference; lastKnownFileType = sourcecode.swift; path = WindowController.swift; sourceTree = "<group>"; };
/* End PBXFileReference section */

/* Begin PBXFrameworksBuildPhase section */
		09992D2424B6063B00D5E945 /* Frameworks */ = {
			isa = PBXFrameworksBuildPhase;
			buildActionMask = 2147483647;
			files = (
			);
			runOnlyForDeploymentPostprocessing = 0;
		};
/* End PBXFrameworksBuildPhase section */

/* Begin PBXGroup section */
		09992D1E24B6063B00D5E945 = {
			isa = PBXGroup;
			children = (
				09992D2924B6063B00D5E945 /* Project_4 */,
				09992D2824B6063B00D5E945 /* Products */,
			);
			sourceTree = "<group>";
		};
		09992D2824B6063B00D5E945 /* Products */ = {
			isa = PBXGroup;
			children = (
				09992D2724B6063B00D5E945 /* Project_4.app */,
			);
			name = Products;
			sourceTree = "<group>";
		};
		09992D2924B6063B00D5E945 /* Project_4 */ = {
			isa = PBXGroup;
			children = (
				09CEE6A824B752ED007DABC8 /* Windows */,
				09CEE6A924B7567F007DABC8 /* Controlleres */,
				09992D2A24B6063B00D5E945 /* AppDelegate.swift */,
				09992D2E24B6063E00D5E945 /* Assets.xcassets */,
				09992D3024B6063E00D5E945 /* Main.storyboard */,
				09992D3324B6063E00D5E945 /* Info.plist */,
				09992D3424B6063E00D5E945 /* Project_4.entitlements */,
			);
			path = Project_4;
			sourceTree = "<group>";
		};
		09CEE6A824B752ED007DABC8 /* Windows */ = {
			isa = PBXGroup;
			children = (
				09CEE6A624B752E7007DABC8 /* WindowController.swift */,
			);
			name = Windows;
			sourceTree = "<group>";
		};
		09CEE6A924B7567F007DABC8 /* Controlleres */ = {
			isa = PBXGroup;
			children = (
				09992D2C24B6063B00D5E945 /* ViewController.swift */,
			);
			name = Controlleres;
			sourceTree = "<group>";
		};
/* End PBXGroup section */

/* Begin PBXNativeTarget section */
		09992D2624B6063B00D5E945 /* Project_4 */ = {
			isa = PBXNativeTarget;
			buildConfigurationList = 09992D3724B6063E00D5E945 /* Build configuration list for PBXNativeTarget "Project_4" */;
			buildPhases = (
				09992D2324B6063B00D5E945 /* Sources */,
				09992D2424B6063B00D5E945 /* Frameworks */,
				09992D2524B6063B00D5E945 /* Resources */,
			);
			buildRules = (
			);
			dependencies = (
			);
			name = Project_4;
			productName = Project_4;
			productReference = 09992D2724B6063B00D5E945 /* Project_4.app */;
			productType = "com.apple.product-type.application";
		};
/* End PBXNativeTarget section */

/* Begin PBXProject section */
		09992D1F24B6063B00D5E945 /* Project object */ = {
			isa = PBXProject;
			attributes = {
				LastSwiftUpdateCheck = 1150;
				LastUpgradeCheck = 1150;
				ORGANIZATIONNAME = Personal;
				TargetAttributes = {
					09992D2624B6063B00D5E945 = {
						CreatedOnToolsVersion = 11.5;
					};
				};
			};
			buildConfigurationList = 09992D2224B6063B00D5E945 /* Build configuration list for PBXProject "Project_4" */;
			compatibilityVersion = "Xcode 9.3";
			developmentRegion = en;
			hasScannedForEncodings = 0;
			knownRegions = (
				en,
				Base,
			);
			mainGroup = 09992D1E24B6063B00D5E945;
			productRefGroup = 09992D2824B6063B00D5E945 /* Products */;
			projectDirPath = "";
			projectRoot = "";
			targets = (
				09992D2624B6063B00D5E945 /* Project_4 */,
			);
		};
/* End PBXProject section */

/* Begin PBXResourcesBuildPhase section */
		09992D2524B6063B00D5E945 /* Resources */ = {
			isa = PBXResourcesBuildPhase;
			buildActionMask = 2147483647;
			files = (
				09992D2F24B6063E00D5E945 /* Assets.xcassets in Resources */,
				09992D3224B6063E00D5E945 /* Main.storyboard in Resources */,
			);
			runOnlyForDeploymentPostprocessing = 0;
		};
/* End PBXResourcesBuildPhase section */

/* Begin PBXSourcesBuildPhase section */
		09992D2324B6063B00D5E945 /* Sources */ = {
			isa = PBXSourcesBuildPhase;
			buildActionMask = 2147483647;
			files = (
				09992D2D24B6063B00D5E945 /* ViewController.swift in Sources */,
				09CEE6A724B752E7007DABC8 /* WindowController.swift in Sources */,
				09992D2B24B6063B00D5E945 /* AppDelegate.swift in Sources */,
			);
			runOnlyForDeploymentPostprocessing = 0;
		};
/* End PBXSourcesBuildPhase section */

/* Begin PBXVariantGroup section */
		09992D3024B6063E00D5E945 /* Main.storyboard */ = {
			isa = PBXVariantGroup;
			children = (
				09992D3124B6063E00D5E945 /* Base */,
			);
			name = Main.storyboard;
			sourceTree = "<group>";
		};
/* End PBXVariantGroup section */

/* Begin XCBuildConfiguration section */
		09992D3524B6063E00D5E945 /* Debug */ = {
			isa = XCBuildConfiguration;
			buildSettings = {
				ALWAYS_SEARCH_USER_PATHS = NO;
				CLANG_ANALYZER_NONNULL = YES;
				CLANG_ANALYZER_NUMBER_OBJECT_CONVERSION = YES_AGGRESSIVE;
				CLANG_CXX_LANGUAGE_STANDARD = "gnu++14";
				CLANG_CXX_LIBRARY = "libc++";
				CLANG_ENABLE_MODULES = YES;
				CLANG_ENABLE_OBJC_ARC = YES;
				CLANG_ENABLE_OBJC_WEAK = YES;
				CLANG_WARN_BLOCK_CAPTURE_AUTORELEASING = YES;
				CLANG_WARN_BOOL_CONVERSION = YES;
				CLANG_WARN_COMMA = YES;
				CLANG_WARN_CONSTANT_CONVERSION = YES;
				CLANG_WARN_DEPRECATED_OBJC_IMPLEMENTATIONS = YES;
				CLANG_WARN_DIRECT_OBJC_ISA_USAGE = YES_ERROR;
				CLANG_WARN_DOCUMENTATION_COMMENTS = YES;
				CLANG_WARN_EMPTY_BODY = YES;
				CLANG_WARN_ENUM_CONVERSION = YES;
				CLANG_WARN_INFINITE_RECURSION = YES;
				CLANG_WARN_INT_CONVERSION = YES;
				CLANG_WARN_NON_LITERAL_NULL_CONVERSION = YES;
				CLANG_WARN_OBJC_IMPLICIT_RETAIN_SELF = YES;
				CLANG_WARN_OBJC_LITERAL_CONVERSION = YES;
				CLANG_WARN_OBJC_ROOT_CLASS = YES_ERROR;
				CLANG_WARN_RANGE_LOOP_ANALYSIS = YES;
				CLANG_WARN_STRICT_PROTOTYPES = YES;
				CLANG_WARN_SUSPICIOUS_MOVE = YES;
				CLANG_WARN_UNGUARDED_AVAILABILITY = YES_AGGRESSIVE;
				CLANG_WARN_UNREACHABLE_CODE = YES;
				CLANG_WARN__DUPLICATE_METHOD_MATCH = YES;
				COPY_PHASE_STRIP = NO;
				DEBUG_INFORMATION_FORMAT = dwarf;
				ENABLE_STRICT_OBJC_MSGSEND = YES;
				ENABLE_TESTABILITY = YES;
				GCC_C_LANGUAGE_STANDARD = gnu11;
				GCC_DYNAMIC_NO_PIC = NO;
				GCC_NO_COMMON_BLOCKS = YES;
				GCC_OPTIMIZATION_LEVEL = 0;
				GCC_PREPROCESSOR_DEFINITIONS = (
					"DEBUG=1",
					"$(inherited)",
				);
				GCC_WARN_64_TO_32_BIT_CONVERSION = YES;
				GCC_WARN_ABOUT_RETURN_TYPE = YES_ERROR;
				GCC_WARN_UNDECLARED_SELECTOR = YES;
				GCC_WARN_UNINITIALIZED_AUTOS = YES_AGGRESSIVE;
				GCC_WARN_UNUSED_FUNCTION = YES;
				GCC_WARN_UNUSED_VARIABLE = YES;
				MACOSX_DEPLOYMENT_TARGET = 10.15;
				MTL_ENABLE_DEBUG_INFO = INCLUDE_SOURCE;
				MTL_FAST_MATH = YES;
				ONLY_ACTIVE_ARCH = YES;
				SDKROOT = macosx;
				SWIFT_ACTIVE_COMPILATION_CONDITIONS = DEBUG;
				SWIFT_OPTIMIZATION_LEVEL = "-Onone";
			};
			name = Debug;
		};
		09992D3624B6063E00D5E945 /* Release */ = {
			isa = XCBuildConfiguration;
			buildSettings = {
				ALWAYS_SEARCH_USER_PATHS = NO;
				CLANG_ANALYZER_NONNULL = YES;
				CLANG_ANALYZER_NUMBER_OBJECT_CONVERSION = YES_AGGRESSIVE;
				CLANG_CXX_LANGUAGE_STANDARD = "gnu++14";
				CLANG_CXX_LIBRARY = "libc++";
				CLANG_ENABLE_MODULES = YES;
				CLANG_ENABLE_OBJC_ARC = YES;
				CLANG_ENABLE_OBJC_WEAK = YES;
				CLANG_WARN_BLOCK_CAPTURE_AUTORELEASING = YES;
				CLANG_WARN_BOOL_CONVERSION = YES;
				CLANG_WARN_COMMA = YES;
				CLANG_WARN_CONSTANT_CONVERSION = YES;
				CLANG_WARN_DEPRECATED_OBJC_IMPLEMENTATIONS = YES;
				CLANG_WARN_DIRECT_OBJC_ISA_USAGE = YES_ERROR;
				CLANG_WARN_DOCUMENTATION_COMMENTS = YES;
				CLANG_WARN_EMPTY_BODY = YES;
				CLANG_WARN_ENUM_CONVERSION = YES;
				CLANG_WARN_INFINITE_RECURSION = YES;
				CLANG_WARN_INT_CONVERSION = YES;
				CLANG_WARN_NON_LITERAL_NULL_CONVERSION = YES;
				CLANG_WARN_OBJC_IMPLICIT_RETAIN_SELF = YES;
				CLANG_WARN_OBJC_LITERAL_CONVERSION = YES;
				CLANG_WARN_OBJC_ROOT_CLASS = YES_ERROR;
				CLANG_WARN_RANGE_LOOP_ANALYSIS = YES;
				CLANG_WARN_STRICT_PROTOTYPES = YES;
				CLANG_WARN_SUSPICIOUS_MOVE = YES;
				CLANG_WARN_UNGUARDED_AVAILABILITY = YES_AGGRESSIVE;
				CLANG_WARN_UNREACHABLE_CODE = YES;
				CLANG_WARN__DUPLICATE_METHOD_MATCH = YES;
				COPY_PHASE_STRIP = NO;
				DEBUG_INFORMATION_FORMAT = "dwarf-with-dsym";
				ENABLE_NS_ASSERTIONS = NO;
				ENABLE_STRICT_OBJC_MSGSEND = YES;
				GCC_C_LANGUAGE_STANDARD = gnu11;
				GCC_NO_COMMON_BLOCKS = YES;
				GCC_WARN_64_TO_32_BIT_CONVERSION = YES;
				GCC_WARN_ABOUT_RETURN_TYPE = YES_ERROR;
				GCC_WARN_UNDECLARED_SELECTOR = YES;
				GCC_WARN_UNINITIALIZED_AUTOS = YES_AGGRESSIVE;
				GCC_WARN_UNUSED_FUNCTION = YES;
				GCC_WARN_UNUSED_VARIABLE = YES;
				MACOSX_DEPLOYMENT_TARGET = 10.15;
				MTL_ENABLE_DEBUG_INFO = NO;
				MTL_FAST_MATH = YES;
				SDKROOT = macosx;
				SWIFT_COMPILATION_MODE = wholemodule;
				SWIFT_OPTIMIZATION_LEVEL = "-O";
			};
			name = Release;
		};
		09992D3824B6063E00D5E945 /* Debug */ = {
			isa = XCBuildConfiguration;
			buildSettings = {
				ASSETCATALOG_COMPILER_APPICON_NAME = AppIcon;
				CODE_SIGN_ENTITLEMENTS = Project_4/Project_4.entitlements;
				CODE_SIGN_STYLE = Automatic;
				COMBINE_HIDPI_IMAGES = YES;
				DEVELOPMENT_TEAM = J273RJ8N9K;
				ENABLE_HARDENED_RUNTIME = YES;
				INFOPLIST_FILE = Project_4/Info.plist;
				LD_RUNPATH_SEARCH_PATHS = (
					"$(inherited)",
					"@executable_path/../Frameworks",
				);
				PRODUCT_BUNDLE_IDENTIFIER = "Personal.Project-4";
				PRODUCT_NAME = "$(TARGET_NAME)";
				SWIFT_VERSION = 5.0;
			};
			name = Debug;
		};
		09992D3924B6063E00D5E945 /* Release */ = {
			isa = XCBuildConfiguration;
			buildSettings = {
				ASSETCATALOG_COMPILER_APPICON_NAME = AppIcon;
				CODE_SIGN_ENTITLEMENTS = Project_4/Project_4.entitlements;
				CODE_SIGN_STYLE = Automatic;
				COMBINE_HIDPI_IMAGES = YES;
				DEVELOPMENT_TEAM = J273RJ8N9K;
				ENABLE_HARDENED_RUNTIME = YES;
				INFOPLIST_FILE = Project_4/Info.plist;
				LD_RUNPATH_SEARCH_PATHS = (
					"$(inherited)",
					"@executable_path/../Frameworks",
				);
				PRODUCT_BUNDLE_IDENTIFIER = "Personal.Project-4";
				PRODUCT_NAME = "$(TARGET_NAME)";
				SWIFT_VERSION = 5.0;
			};
			name = Release;
		};
/* End XCBuildConfiguration section */

/* Begin XCConfigurationList section */
		09992D2224B6063B00D5E945 /* Build configuration list for PBXProject "Project_4" */ = {
			isa = XCConfigurationList;
			buildConfigurations = (
				09992D3524B6063E00D5E945 /* Debug */,
				09992D3624B6063E00D5E945 /* Release */,
			);
			defaultConfigurationIsVisible = 0;
			defaultConfigurationName = Release;
		};
		09992D3724B6063E00D5E945 /* Build configuration list for PBXNativeTarget "Project_4" */ = {
			isa = XCConfigurationList;
			buildConfigurations = (
				09992D3824B6063E00D5E945 /* Debug */,
				09992D3924B6063E00D5E945 /* Release */,
			);
			defaultConfigurationIsVisible = 0;
			defaultConfigurationName = Release;
		};
/* End XCConfigurationList section */
	};
	rootObject = 09992D1F24B6063B00D5E945 /* Project object */;
}
